
Microsoft Visual Studio Solution File, Format Version 12.00
# Visual Studio 2013
VisualStudioVersion = 12.0.21005.1
MinimumVisualStudioVersion = 10.0.40219.1
Project("{FAE04EC0-301F-11D3-BF4B-00C04F79EFBC}") = "TFSHistorySearch", "TFSHistorySearch\TFSHistorySearch.csproj", "{A54099B1-ED3C-4621-86A4-F11A3968A3F7}"
EndProject
Project("{FAE04EC0-301F-11D3-BF4B-00C04F79EFBC}") = "TfsHelperLib", "TfsHelper\TfsHelperLib.csproj", "{1F6264C0-3106-4276-8B82-51B6925EC2C6}"
EndProject
Project("{FAE04EC0-301F-11D3-BF4B-00C04F79EFBC}") = "TfsHistorySearchUI", "TfsHistorySearchUI\TfsHistorySearchUI.csproj", "{21F003F0-0B18-4BFB-A35C-AA0CF4678C8A}"
EndProject
Project("{2150E333-8FDC-42A3-9474-1A3956D46DE8}") = ".nuget", ".nuget", "{F880AC4F-CD9B-4115-BEEC-0B4E5FE99BDD}"
	ProjectSection(SolutionItems) = preProject
		.nuget\NuGet.Config = .nuget\NuGet.Config
		.nuget\NuGet.exe = .nuget\NuGet.exe
		.nuget\NuGet.targets = .nuget\NuGet.targets
	EndProjectSection
EndProject
Global
	GlobalSection(SolutionConfigurationPlatforms) = preSolution
		Debug|Any CPU = Debug|Any CPU
		Release|Any CPU = Release|Any CPU
	EndGlobalSection
	GlobalSection(ProjectConfigurationPlatforms) = postSolution
		{A54099B1-ED3C-4621-86A4-F11A3968A3F7}.Debug|Any CPU.ActiveCfg = Debug|Any CPU
		{A54099B1-ED3C-4621-86A4-F11A3968A3F7}.Debug|Any CPU.Build.0 = Debug|Any CPU
		{A54099B1-ED3C-4621-86A4-F11A3968A3F7}.Release|Any CPU.ActiveCfg = Release|Any CPU
		{A54099B1-ED3C-4621-86A4-F11A3968A3F7}.Release|Any CPU.Build.0 = Release|Any CPU
		{1F6264C0-3106-4276-8B82-51B6925EC2C6}.Debug|Any CPU.ActiveCfg = Debug|Any CPU
		{1F6264C0-3106-4276-8B82-51B6925EC2C6}.Debug|Any CPU.Build.0 = Debug|Any CPU
		{1F6264C0-3106-4276-8B82-51B6925EC2C6}.Release|Any CPU.ActiveCfg = Release|Any CPU
		{1F6264C0-3106-4276-8B82-51B6925EC2C6}.Release|Any CPU.Build.0 = Release|Any CPU
		{21F003F0-0B18-4BFB-A35C-AA0CF4678C8A}.Debug|Any CPU.ActiveCfg = Debug|Any CPU
		{21F003F0-0B18-4BFB-A35C-AA0CF4678C8A}.Debug|Any CPU.Build.0 = Debug|Any CPU
		{21F003F0-0B18-4BFB-A35C-AA0CF4678C8A}.Release|Any CPU.ActiveCfg = Release|Any CPU
		{21F003F0-0B18-4BFB-A35C-AA0CF4678C8A}.Release|Any CPU.Build.0 = Release|Any CPU
	EndGlobalSection
	GlobalSection(SolutionProperties) = preSolution
		HideSolutionNode = FALSE
	EndGlobalSection
EndGlobal
